
Microsoft Visual Studio Solution File, Format Version 12.00
# Visual Studio Version 17
VisualStudioVersion = 17.1.32421.90
MinimumVisualStudioVersion = 10.0.40219.1
Project("{8BC9CEB8-8B4A-11D0-8D11-00A0C91BC942}") = "AutoPressKey", "AutoPressKey.vcxproj", "{6CF18BE3-ED53-4C7C-B2ED-AF89427CB61A}"
EndProject
Global
	GlobalSection(SolutionConfigurationPlatforms) = preSolution
		Debug|x64 = Debug|x64
		Debug|x86 = Debug|x86
		Release|x64 = Release|x64
		Release|x86 = Release|x86
	EndGlobalSection
	GlobalSection(ProjectConfigurationPlatforms) = postSolution
		{6CF18BE3-ED53-4C7C-B2ED-AF89427CB61A}.Debug|x64.ActiveCfg = Debug|x64
		{6CF18BE3-ED53-4C7C-B2ED-AF89427CB61A}.Debug|x64.Build.0 = Debug|x64
		{6CF18BE3-ED53-4C7C-B2ED-AF89427CB61A}.Debug|x86.ActiveCfg = Debug|Win32
		{6CF18BE3-ED53-4C7C-B2ED-AF89427CB61A}.Debug|x86.Build.0 = Debug|Win32
		{6CF18BE3-ED53-4C7C-B2ED-AF89427CB61A}.Release|x64.ActiveCfg = Release|x64
		{6CF18BE3-ED53-4C7C-B2ED-AF89427CB61A}.Release|x64.Build.0 = Release|x64
		{6CF18BE3-ED53-4C7C-B2ED-AF89427CB61A}.Release|x86.ActiveCfg = Release|Win32
		{6CF18BE3-ED53-4C7C-B2ED-AF89427CB61A}.Release|x86.Build.0 = Release|Win32
	EndGlobalSection
	GlobalSection(SolutionProperties) = preSolution
		HideSolutionNode = FALSE
	EndGlobalSection
	GlobalSection(ExtensibilityGlobals) = postSolution
		SolutionGuid = {1921586A-C0EC-4516-8E81-EBB19543C2CF}
	EndGlobalSection
EndGlobal
